
Microsoft Visual Studio Solution File, Format Version 12.00
# Visual Studio 15
VisualStudioVersion = 15.0.33529.398
MinimumVisualStudioVersion = 10.0.40219.1
Project("{FAE04EC0-301F-11D3-BF4B-00C04F79EFBC}") = "CourtCase", "CourtCase\CourtCase.csproj", "{A7D86974-477E-48F1-A156-4813C99D8521}"
EndProject
Global
	GlobalSection(SolutionConfigurationPlatforms) = preSolution
		Debug|Any CPU = Debug|Any CPU
		Release|Any CPU = Release|Any CPU
	EndGlobalSection
	GlobalSection(ProjectConfigurationPlatforms) = postSolution
		{A7D86974-477E-48F1-A156-4813C99D8521}.Debug|Any CPU.ActiveCfg = Debug|Any CPU
		{A7D86974-477E-48F1-A156-4813C99D8521}.Debug|Any CPU.Build.0 = Debug|Any CPU
		{A7D86974-477E-48F1-A156-4813C99D8521}.Release|Any CPU.ActiveCfg = Release|Any CPU
		{A7D86974-477E-48F1-A156-4813C99D8521}.Release|Any CPU.Build.0 = Release|Any CPU
	EndGlobalSection
	GlobalSection(SolutionProperties) = preSolution
		HideSolutionNode = FALSE
	EndGlobalSection
	GlobalSection(ExtensibilityGlobals) = postSolution
		SolutionGuid = {49D3C1BA-7823-49EF-A6AB-E6B2716108E5}
	EndGlobalSection
EndGlobal
